<?xml version="1.0" encoding="utf-8"?>
<Project ToolsVersion="4.0" xmlns="http://schemas.microsoft.com/developer/msbuild/2003">
  <ItemGroup>
    <Filter Include="리소스 파일">
      <UniqueIdentifier>{67DA6AB6-F800-4c08-8B7A-83BB121AAD01}</UniqueIdentifier>
      <Extensions>rc;ico;cur;bmp;dlg;rc2;rct;bin;rgs;gif;jpg;jpeg;jpe;resx;tiff;tif;png;wav;mfcribbon-ms</Extensions>
    </Filter>
    <Filter Include="05.Camera">
      <UniqueIdentifier>{e5613d50-2ba3-40c8-b6e2-16c2a0bee462}</UniqueIdentifier>
    </Filter>
    <Filter Include="00.Core">
      <UniqueIdentifier>{42c487a8-4d7a-480c-8e99-9c7242908007}</UniqueIdentifier>
    </Filter>
    <Filter Include="01.GameObject">
      <UniqueIdentifier>{a2c80d97-8a82-4fb3-9fa2-9e42898321f3}</UniqueIdentifier>
    </Filter>
    <Filter Include="03.Component">
      <UniqueIdentifier>{e08a7500-fce1-4a12-b91f-639cc78e9213}</UniqueIdentifier>
    </Filter>
    <Filter Include="03.Component\Renderer">
      <UniqueIdentifier>{c056486c-5d1d-4e81-9b49-16a63723f10b}</UniqueIdentifier>
    </Filter>
    <Filter Include="04.Resource">
      <UniqueIdentifier>{3428d179-efa7-444e-9ff4-ebf393c1abb9}</UniqueIdentifier>
    </Filter>
    <Filter Include="04.Resource\Sprite">
      <UniqueIdentifier>{09e30710-c997-4d95-8bd1-3ad5f33dbf42}</UniqueIdentifier>
    </Filter>
    <Filter Include="04.Resource\Model">
      <UniqueIdentifier>{f287f787-2094-4609-af84-dbd7d3471a5f}</UniqueIdentifier>
    </Filter>
    <Filter Include="06.Scene">
      <UniqueIdentifier>{f699de27-d62a-4ade-a47b-5ed4687274ba}</UniqueIdentifier>
    </Filter>
    <Filter Include="997.Utils">
      <UniqueIdentifier>{7543e3e8-7bc4-4150-aaaf-c8ee39bc9447}</UniqueIdentifier>
    </Filter>
    <Filter Include="998.HLSL">
      <UniqueIdentifier>{9ab5b6f0-d097-4ff4-b4ea-8dc8ebb9b531}</UniqueIdentifier>
    </Filter>
    <Filter Include="999.pch">
      <UniqueIdentifier>{d6409ad0-7edf-4b0e-af95-5ceb424937b4}</UniqueIdentifier>
    </Filter>
    <Filter Include="999.pch\extern">
      <UniqueIdentifier>{e676c44d-931e-447d-9037-d6e8e14516af}</UniqueIdentifier>
    </Filter>
    <Filter Include="07.Manager">
      <UniqueIdentifier>{82f13e75-8ffc-4bb2-8ca1-4e4e86b3f828}</UniqueIdentifier>
    </Filter>
    <Filter Include="999.pch\garbage">
      <UniqueIdentifier>{a46a5456-8b27-4435-a290-4c10da482d88}</UniqueIdentifier>
    </Filter>
    <Filter Include="998.HLSL\Module">
      <UniqueIdentifier>{cacc5c22-d724-4fa9-9e3e-cf72a8fc745f}</UniqueIdentifier>
    </Filter>
    <Filter Include="04.Resource\Model\Animation">
      <UniqueIdentifier>{daa03aca-f69a-4ef8-9f6f-2323bc6c8549}</UniqueIdentifier>
    </Filter>
  </ItemGroup>
  <ItemGroup>
    <ClCompile Include="main.cpp" />
    <ClCompile Include="pch.cpp">
      <Filter>999.pch</Filter>
    </ClCompile>
    <ClCompile Include="Global.cpp">
      <Filter>999.pch</Filter>
    </ClCompile>
    <ClCompile Include="simple_mesh_ext.cpp">
      <Filter>999.pch\extern</Filter>
    </ClCompile>
    <ClCompile Include="simple_mesh_LH.cpp">
      <Filter>999.pch\extern</Filter>
    </ClCompile>
    <ClCompile Include="input_module.cpp">
      <Filter>997.Utils</Filter>
    </ClCompile>
    <ClCompile Include="Input.cpp">
      <Filter>997.Utils</Filter>
    </ClCompile>
    <ClCompile Include="Game.cpp" />
    <ClCompile Include="Core.cpp">
      <Filter>00.Core</Filter>
    </ClCompile>
    <ClCompile Include="RenderTarget.cpp">
      <Filter>00.Core</Filter>
    </ClCompile>
    <ClCompile Include="RootSignature.cpp">
      <Filter>00.Core</Filter>
    </ClCompile>
    <ClCompile Include="Texture.cpp">
      <Filter>00.Core</Filter>
    </ClCompile>
    <ClCompile Include="BufferPool.cpp">
      <Filter>00.Core</Filter>
    </ClCompile>
    <ClCompile Include="Shader.cpp">
      <Filter>04.Resource</Filter>
    </ClCompile>
    <ClCompile Include="guid_utility.cpp">
      <Filter>999.pch\extern</Filter>
    </ClCompile>
    <ClCompile Include="IType.cpp">
      <Filter>997.Utils</Filter>
    </ClCompile>
    <ClCompile Include="Component.cpp">
      <Filter>03.Component</Filter>
    </ClCompile>
    <ClCompile Include="IGuid.cpp">
      <Filter>997.Utils</Filter>
    </ClCompile>
    <ClCompile Include="IDelayDestroy.cpp">
      <Filter>997.Utils</Filter>
    </ClCompile>
    <ClCompile Include="GameObject.cpp">
      <Filter>01.GameObject</Filter>
    </ClCompile>
    <ClCompile Include="Transform.cpp">
      <Filter>03.Component</Filter>
    </ClCompile>
    <ClCompile Include="TestMain.cpp" />
    <ClCompile Include="Material.cpp">
      <Filter>04.Resource</Filter>
    </ClCompile>
    <ClCompile Include="ICBufferInjector.cpp">
      <Filter>997.Utils</Filter>
    </ClCompile>
    <ClCompile Include="convert_assimp.cpp">
      <Filter>999.pch\extern</Filter>
    </ClCompile>
    <ClCompile Include="GeoMetryHelper.cpp">
      <Filter>997.Utils</Filter>
    </ClCompile>
    <ClCompile Include="Scene.cpp">
      <Filter>06.Scene</Filter>
    </ClCompile>
    <ClCompile Include="Camera.cpp">
      <Filter>05.Camera</Filter>
    </ClCompile>
    <ClCompile Include="TestScene.cpp">
      <Filter>06.Scene</Filter>
    </ClCompile>
    <ClCompile Include="Sprite.cpp">
      <Filter>04.Resource\Sprite</Filter>
    </ClCompile>
    <ClCompile Include="SpriteAction.cpp">
      <Filter>04.Resource\Sprite</Filter>
    </ClCompile>
    <ClCompile Include="Model.cpp">
      <Filter>04.Resource\Model</Filter>
    </ClCompile>
    <ClCompile Include="Vertex.cpp">
      <Filter>04.Resource\Model</Filter>
    </ClCompile>
    <ClCompile Include="Mesh.cpp">
      <Filter>04.Resource\Model</Filter>
    </ClCompile>
    <ClCompile Include="ModelNode.cpp">
      <Filter>04.Resource\Model</Filter>
    </ClCompile>
    <ClCompile Include="ModelMesh.cpp">
      <Filter>04.Resource\Model</Filter>
    </ClCompile>
    <ClCompile Include="Bone.cpp">
      <Filter>04.Resource\Model</Filter>
    </ClCompile>
    <ClCompile Include="testComponent.cpp">
      <Filter>03.Component</Filter>
    </ClCompile>
    <ClCompile Include="StructuredBuffer.cpp">
      <Filter>04.Resource</Filter>
    </ClCompile>
    <ClCompile Include="ScreenParticle.cpp">
      <Filter>03.Component</Filter>
    </ClCompile>
    <ClCompile Include="MeshRenderer.cpp">
      <Filter>03.Component\Renderer</Filter>
    </ClCompile>
    <ClCompile Include="RendererBase.cpp">
      <Filter>03.Component\Renderer</Filter>
    </ClCompile>
    <ClCompile Include="SpriteRenderer.cpp">
      <Filter>03.Component\Renderer</Filter>
    </ClCompile>
    <ClCompile Include="SkinnedMeshRenderer.cpp">
      <Filter>03.Component\Renderer</Filter>
    </ClCompile>
    <ClCompile Include="SkinnedHierarchy.cpp">
      <Filter>03.Component</Filter>
    </ClCompile>
    <ClCompile Include="SceneLoader.cpp">
      <Filter>06.Scene</Filter>
    </ClCompile>
    <ClCompile Include="TestScene_jin.cpp">
      <Filter>06.Scene</Filter>
    </ClCompile>
    <ClCompile Include="GameObjectSetting.cpp">
      <Filter>01.GameObject</Filter>
    </ClCompile>
    <ClCompile Include="WaterHeight.cpp">
      <Filter>03.Component</Filter>
    </ClCompile>
    <ClCompile Include="Terrain.cpp">
      <Filter>03.Component</Filter>
    </ClCompile>
    <ClCompile Include="Collider.cpp">
      <Filter>03.Component</Filter>
    </ClCompile>
    <ClCompile Include="PhysicsComponent.cpp">
      <Filter>03.Component</Filter>
    </ClCompile>
    <ClCompile Include="Gizmo.cpp">
      <Filter>997.Utils</Filter>
    </ClCompile>
    <ClCompile Include="ResourceManager.cpp">
      <Filter>07.Manager</Filter>
    </ClCompile>
    <ClCompile Include="LightManager.cpp">
      <Filter>07.Manager</Filter>
    </ClCompile>
    <ClCompile Include="TerrainManager.cpp">
      <Filter>07.Manager</Filter>
    </ClCompile>
    <ClCompile Include="CameraManager.cpp">
      <Filter>07.Manager</Filter>
    </ClCompile>
    <ClCompile Include="SceneManager.cpp">
      <Filter>07.Manager</Filter>
    </ClCompile>
    <ClCompile Include="BufferManager.cpp">
      <Filter>07.Manager</Filter>
    </ClCompile>
    <ClCompile Include="TextManager.cpp">
      <Filter>07.Manager</Filter>
    </ClCompile>
    <ClCompile Include="Time.cpp">
      <Filter>07.Manager</Filter>
    </ClCompile>
    <ClCompile Include="ColliderManager.cpp">
      <Filter>07.Manager</Filter>
    </ClCompile>
    <ClCompile Include="CbufferParam.cpp">
      <Filter>07.Manager</Filter>
    </ClCompile>
    <ClCompile Include="AnimationKeyFrame.cpp">
      <Filter>04.Resource\Model\Animation</Filter>
    </ClCompile>
    <ClCompile Include="AnimationNode.cpp">
      <Filter>04.Resource\Model\Animation</Filter>
    </ClCompile>
    <ClCompile Include="Animation.cpp">
      <Filter>04.Resource\Model\Animation</Filter>
    </ClCompile>
  </ItemGroup>
  <ItemGroup>
    <ClInclude Include="pch.h">
      <Filter>999.pch</Filter>
    </ClInclude>
    <ClInclude Include="Global.h">
      <Filter>999.pch</Filter>
    </ClInclude>
    <ClInclude Include="simple_mesh_ext.h">
      <Filter>999.pch\extern</Filter>
    </ClInclude>
    <ClInclude Include="simple_mesh_LH.h">
      <Filter>999.pch\extern</Filter>
    </ClInclude>
    <ClInclude Include="d3dx12.h">
      <Filter>999.pch\extern</Filter>
    </ClInclude>
    <ClInclude Include="convert_math.h">
      <Filter>999.pch\extern</Filter>
    </ClInclude>
    <ClInclude Include="input_module.h">
      <Filter>997.Utils</Filter>
    </ClInclude>
    <ClInclude Include="Input.h">
      <Filter>997.Utils</Filter>
    </ClInclude>
    <ClInclude Include="Game.h" />
    <ClInclude Include="Core.h">
      <Filter>00.Core</Filter>
    </ClInclude>
    <ClInclude Include="RenderTarget.h">
      <Filter>00.Core</Filter>
    </ClInclude>
    <ClInclude Include="RootSignature.h">
      <Filter>00.Core</Filter>
    </ClInclude>
    <ClInclude Include="Texture.h">
      <Filter>00.Core</Filter>
    </ClInclude>
    <ClInclude Include="BufferPool.h">
      <Filter>00.Core</Filter>
    </ClInclude>
    <ClInclude Include="strutil.h">
      <Filter>999.pch\extern</Filter>
    </ClInclude>
    <ClInclude Include="wstrutil.h">
      <Filter>999.pch\extern</Filter>
    </ClInclude>
    <ClInclude Include="convert_string.h">
      <Filter>999.pch\extern</Filter>
    </ClInclude>
    <ClInclude Include="Shader.h">
      <Filter>04.Resource</Filter>
    </ClInclude>
    <ClInclude Include="guid_utility.h">
      <Filter>999.pch\extern</Filter>
    </ClInclude>
    <ClInclude Include="IType.h">
      <Filter>997.Utils</Filter>
    </ClInclude>
    <ClInclude Include="Component.h">
      <Filter>03.Component</Filter>
    </ClInclude>
    <ClInclude Include="IGuid.h">
      <Filter>997.Utils</Filter>
    </ClInclude>
    <ClInclude Include="IDelayDestroy.h">
      <Filter>997.Utils</Filter>
    </ClInclude>
    <ClInclude Include="GameObject.h">
      <Filter>01.GameObject</Filter>
    </ClInclude>
    <ClInclude Include="Transform.h">
      <Filter>03.Component</Filter>
    </ClInclude>
    <ClInclude Include="Material.h">
      <Filter>04.Resource</Filter>
    </ClInclude>
    <ClInclude Include="ICBufferInjector.h">
      <Filter>997.Utils</Filter>
    </ClInclude>
    <ClInclude Include="convert_assimp.h">
      <Filter>999.pch\extern</Filter>
    </ClInclude>
    <ClInclude Include="convert_directx.h">
      <Filter>999.pch\extern</Filter>
    </ClInclude>
    <ClInclude Include="GeoMetryHelper.h">
      <Filter>997.Utils</Filter>
    </ClInclude>
    <ClInclude Include="Scene.h">
      <Filter>06.Scene</Filter>
    </ClInclude>
    <ClInclude Include="Camera.h">
      <Filter>05.Camera</Filter>
    </ClInclude>
    <ClInclude Include="TestScene.h">
      <Filter>06.Scene</Filter>
    </ClInclude>
    <ClInclude Include="Sprite.h">
      <Filter>04.Resource\Sprite</Filter>
    </ClInclude>
    <ClInclude Include="SpriteAction.h">
      <Filter>04.Resource\Sprite</Filter>
    </ClInclude>
    <ClInclude Include="Model.h">
      <Filter>04.Resource\Model</Filter>
    </ClInclude>
    <ClInclude Include="Vertex.h">
      <Filter>04.Resource\Model</Filter>
    </ClInclude>
    <ClInclude Include="Mesh.h">
      <Filter>04.Resource\Model</Filter>
    </ClInclude>
    <ClInclude Include="ModelNode.h">
      <Filter>04.Resource\Model</Filter>
    </ClInclude>
    <ClInclude Include="ModelMesh.h">
      <Filter>04.Resource\Model</Filter>
    </ClInclude>
    <ClInclude Include="Bone.h">
      <Filter>04.Resource\Model</Filter>
    </ClInclude>
    <ClInclude Include="testComponent.h">
      <Filter>03.Component</Filter>
    </ClInclude>
    <ClInclude Include="ScreenParticle.h">
      <Filter>03.Component</Filter>
    </ClInclude>
    <ClInclude Include="MeshRenderer.h">
      <Filter>03.Component\Renderer</Filter>
    </ClInclude>
    <ClInclude Include="RendererBase.h">
      <Filter>03.Component\Renderer</Filter>
    </ClInclude>
    <ClInclude Include="SpriteRenderer.h">
      <Filter>03.Component\Renderer</Filter>
    </ClInclude>
    <ClInclude Include="SkinnedMeshRenderer.h">
      <Filter>03.Component\Renderer</Filter>
    </ClInclude>
    <ClInclude Include="SkinnedHierarchy.h">
      <Filter>03.Component</Filter>
    </ClInclude>
    <ClInclude Include="SceneLoader.h">
      <Filter>06.Scene</Filter>
    </ClInclude>
    <ClInclude Include="TestScene_jin.h">
      <Filter>06.Scene</Filter>
    </ClInclude>
    <ClInclude Include="GameObjectSetting.h">
      <Filter>01.GameObject</Filter>
    </ClInclude>
    <ClInclude Include="WaterHeight.h">
      <Filter>03.Component</Filter>
    </ClInclude>
    <ClInclude Include="Terrain.h">
      <Filter>03.Component</Filter>
    </ClInclude>
    <ClInclude Include="SceneType.h">
      <Filter>06.Scene</Filter>
    </ClInclude>
    <ClInclude Include="Collider.h">
      <Filter>03.Component</Filter>
    </ClInclude>
    <ClInclude Include="PhysicsComponent.h">
      <Filter>03.Component</Filter>
    </ClInclude>
    <ClInclude Include="StructuredBuffer.h">
      <Filter>04.Resource</Filter>
    </ClInclude>
    <ClInclude Include="Gizmo.h">
      <Filter>997.Utils</Filter>
    </ClInclude>
    <ClInclude Include="ResourceManager.h">
      <Filter>07.Manager</Filter>
    </ClInclude>
    <ClInclude Include="LightManager.h">
      <Filter>07.Manager</Filter>
    </ClInclude>
    <ClInclude Include="TerrainManager.h">
      <Filter>07.Manager</Filter>
    </ClInclude>
    <ClInclude Include="CameraManager.h">
      <Filter>07.Manager</Filter>
    </ClInclude>
    <ClInclude Include="SceneManager.h">
      <Filter>07.Manager</Filter>
    </ClInclude>
    <ClInclude Include="BufferManager.h">
      <Filter>07.Manager</Filter>
    </ClInclude>
    <ClInclude Include="TextManager.h">
      <Filter>07.Manager</Filter>
    </ClInclude>
    <ClInclude Include="resource.h">
      <Filter>999.pch\garbage</Filter>
    </ClInclude>
    <ClInclude Include="Time.h">
      <Filter>07.Manager</Filter>
    </ClInclude>
    <ClInclude Include="ColliderManager.h">
      <Filter>07.Manager</Filter>
    </ClInclude>
    <ClInclude Include="CbufferParam.h">
      <Filter>07.Manager</Filter>
    </ClInclude>
    <ClInclude Include="AnimationNode.h">
      <Filter>04.Resource\Model\Animation</Filter>
    </ClInclude>
    <ClInclude Include="AnimationKeyFrame.h">
      <Filter>04.Resource\Model\Animation</Filter>
    </ClInclude>
    <ClInclude Include="Animation.h">
      <Filter>04.Resource\Model\Animation</Filter>
    </ClInclude>
  </ItemGroup>
  <ItemGroup>
    <None Include="SimpleMath_LH.inl">
      <Filter>999.pch\extern</Filter>
    </None>
  </ItemGroup>
  <ItemGroup>
    <Text Include="레지스터 규약.txt">
      <Filter>998.HLSL</Filter>
    </Text>
  </ItemGroup>
  <ItemGroup>
    <ResourceCompile Include="CatchAndCook.rc">
      <Filter>리소스 파일</Filter>
    </ResourceCompile>
  </ItemGroup>
  <ItemGroup>
    <FxCompile Include="..\Resources\Shaders\test.hlsl">
      <Filter>998.HLSL</Filter>
    </FxCompile>
    <FxCompile Include="..\Resources\Shaders\SpriteShader.hlsl">
      <Filter>998.HLSL</Filter>
    </FxCompile>
    <FxCompile Include="..\Resources\Shaders\cubemap.hlsl">
      <Filter>998.HLSL</Filter>
    </FxCompile>
    <FxCompile Include="..\Resources\Shaders\TestForward.hlsl">
      <Filter>998.HLSL</Filter>
    </FxCompile>
    <FxCompile Include="..\Resources\Shaders\normalDraw.hlsl">
      <Filter>998.HLSL</Filter>
    </FxCompile>
    <FxCompile Include="..\Resources\Shaders\sea.hlsl">
      <Filter>998.HLSL</Filter>
    </FxCompile>
    <FxCompile Include="..\Resources\Shaders\normalDraw_sea.hlsl">
      <Filter>998.HLSL</Filter>
    </FxCompile>
    <FxCompile Include="..\Resources\Shaders\screenParticle.hlsl">
      <Filter>998.HLSL</Filter>
    </FxCompile>
    <FxCompile Include="..\Resources\Shaders\seatest.hlsl">
      <Filter>998.HLSL</Filter>
    </FxCompile>
    <FxCompile Include="..\Resources\Shaders\color.hlsl">
      <Filter>998.HLSL</Filter>
    </FxCompile>
    <FxCompile Include="..\Resources\Shaders\Terrain.hlsl">
      <Filter>998.HLSL</Filter>
    </FxCompile>
    <FxCompile Include="..\Resources\Shaders\Gizmo.hlsl">
      <Filter>998.HLSL</Filter>
    </FxCompile>
    <FxCompile Include="..\Resources\Shaders\TestForward_Skinned.hlsl">
      <Filter>998.HLSL</Filter>
    </FxCompile>
    <FxCompile Include="..\Resources\Shaders\Global_b0.hlsl">
      <Filter>998.HLSL\Module</Filter>
    </FxCompile>
    <FxCompile Include="..\Resources\Shaders\Transform_b1.hlsl">
      <Filter>998.HLSL\Module</Filter>
    </FxCompile>
    <FxCompile Include="..\Resources\Shaders\Tree.hlsl">
      <Filter>998.HLSL</Filter>
    </FxCompile>
    <FxCompile Include="..\Resources\Shaders\Camera_b2.hlsl">
      <Filter>998.HLSL\Module</Filter>
    </FxCompile>
    <FxCompile Include="..\Resources\Shaders\Light_b3.hlsl">
      <Filter>998.HLSL\Module</Filter>
    </FxCompile>
    <FxCompile Include="..\Resources\Shaders\TestForward_Instance.hlsl">
      <Filter>998.HLSL</Filter>
    </FxCompile>
    <FxCompile Include="..\Resources\Shaders\Skinned_b5.hlsl">
      <Filter>998.HLSL\Module</Filter>
    </FxCompile>
  </ItemGroup>
</Project>